
Microsoft Visual Studio Solution File, Format Version 12.00
# Visual Studio Version 17
VisualStudioVersion = 17.0.31912.275
MinimumVisualStudioVersion = 10.0.40219.1
Project("{FAE04EC0-301F-11D3-BF4B-00C04F79EFBC}") = "Lab3", "Lab3\Lab3.csproj", "{C6C66E99-6646-44D9-9E68-7E7D1AC585F9}"
EndProject
Global
	GlobalSection(SolutionConfigurationPlatforms) = preSolution
		Debug|Any CPU = Debug|Any CPU
		Release|Any CPU = Release|Any CPU
	EndGlobalSection
	GlobalSection(ProjectConfigurationPlatforms) = postSolution
		{C6C66E99-6646-44D9-9E68-7E7D1AC585F9}.Debug|Any CPU.ActiveCfg = Debug|Any CPU
		{C6C66E99-6646-44D9-9E68-7E7D1AC585F9}.Debug|Any CPU.Build.0 = Debug|Any CPU
		{C6C66E99-6646-44D9-9E68-7E7D1AC585F9}.Release|Any CPU.ActiveCfg = Release|Any CPU
		{C6C66E99-6646-44D9-9E68-7E7D1AC585F9}.Release|Any CPU.Build.0 = Release|Any CPU
	EndGlobalSection
	GlobalSection(SolutionProperties) = preSolution
		HideSolutionNode = FALSE
	EndGlobalSection
	GlobalSection(ExtensibilityGlobals) = postSolution
		SolutionGuid = {45F53707-ACB8-4936-87B0-20BE6650BC64}
	EndGlobalSection
EndGlobal
